<?xml version="1.0" encoding="utf-8"?>
<Project ToolsVersion="4.0" xmlns="http://schemas.microsoft.com/developer/msbuild/2003">
  <ItemGroup>
    <Filter Include="Ressourcendateien">
      <UniqueIdentifier>{67DA6AB6-F800-4c08-8B7A-83BB121AAD01}</UniqueIdentifier>
      <Extensions>rc;ico;cur;bmp;dlg;rc2;rct;bin;rgs;gif;jpg;jpeg;jpe;resx;tiff;tif;png;wav;mfcribbon-ms</Extensions>
    </Filter>
  </ItemGroup>
  <ItemGroup>
    <ClCompile Include="main.cpp" />
    <ClCompile Include="Display.cpp" />
    <ClCompile Include="Shader.cpp" />
    <ClCompile Include="Mesh.cpp" />
    <ClCompile Include="obj_loader.cpp" />
    <ClCompile Include="texture.cpp" />
    <ClCompile Include="stb_image.c" />
    <ClCompile Include="Camera.cpp" />
    <ClCompile Include="Game.cpp" />
    <ClCompile Include="transform.cpp" />
    <ClCompile Include="Entity.cpp" />
    <ClCompile Include="EntityManager.cpp" />
    <ClCompile Include="EntitySettings.cpp" />
  </ItemGroup>
  <ItemGroup>
    <ClInclude Include="Display.h" />
    <ClInclude Include="Shader.h" />
    <ClInclude Include="Mesh.h" />
    <ClInclude Include="obj_loader.h" />
    <ClInclude Include="texture.h" />
    <ClInclude Include="transform.h" />
    <ClInclude Include="camera.h" />
    <ClInclude Include="stb_image.h" />
    <ClInclude Include="util.h" />
    <ClInclude Include="Game.h" />
    <ClInclude Include="Entity.h" />
    <ClInclude Include="EntityManager.h" />
    <ClInclude Include="EntitySettings.h" />
  </ItemGroup>
</Project>