
Microsoft Visual Studio Solution File, Format Version 12.00
# Visual Studio 2013
VisualStudioVersion = 12.0.30723.0
MinimumVisualStudioVersion = 10.0.40219.1
Project("{8BC9CEB8-8B4A-11D0-8D11-00A0C91BC942}") = "HRTFVR", "HRTFVR\HRTFVR.vcxproj", "{041D497F-54DD-478C-9B8F-E1DEE3DD85F0}"
EndProject
Project("{8BC9CEB8-8B4A-11D0-8D11-00A0C91BC942}") = "LibOVR", "..\..\..\..\USER_DATA_SYSTEM\downloads\Oculus-SDK-OpenGL-Demo\Oculus-SDK-OpenGL-Demo\OculusSDK\LibOVR\Projects\Win32\VS2013\LibOVR.vcxproj", "{EA50E705-5113-49E5-B105-2512EDC8DDC6}"
EndProject
Global
	GlobalSection(SolutionConfigurationPlatforms) = preSolution
		Debug|Win32 = Debug|Win32
		Debug|x64 = Debug|x64
		Release|Win32 = Release|Win32
		Release|x64 = Release|x64
	EndGlobalSection
	GlobalSection(ProjectConfigurationPlatforms) = postSolution
		{041D497F-54DD-478C-9B8F-E1DEE3DD85F0}.Debug|Win32.ActiveCfg = Debug|Win32
		{041D497F-54DD-478C-9B8F-E1DEE3DD85F0}.Debug|Win32.Build.0 = Debug|Win32
		{041D497F-54DD-478C-9B8F-E1DEE3DD85F0}.Debug|x64.ActiveCfg = Debug|Win32
		{041D497F-54DD-478C-9B8F-E1DEE3DD85F0}.Release|Win32.ActiveCfg = Release|Win32
		{041D497F-54DD-478C-9B8F-E1DEE3DD85F0}.Release|Win32.Build.0 = Release|Win32
		{041D497F-54DD-478C-9B8F-E1DEE3DD85F0}.Release|x64.ActiveCfg = Release|Win32
		{EA50E705-5113-49E5-B105-2512EDC8DDC6}.Debug|Win32.ActiveCfg = Debug|Win32
		{EA50E705-5113-49E5-B105-2512EDC8DDC6}.Debug|Win32.Build.0 = Debug|Win32
		{EA50E705-5113-49E5-B105-2512EDC8DDC6}.Debug|x64.ActiveCfg = Debug|x64
		{EA50E705-5113-49E5-B105-2512EDC8DDC6}.Debug|x64.Build.0 = Debug|x64
		{EA50E705-5113-49E5-B105-2512EDC8DDC6}.Release|Win32.ActiveCfg = Release|Win32
		{EA50E705-5113-49E5-B105-2512EDC8DDC6}.Release|Win32.Build.0 = Release|Win32
		{EA50E705-5113-49E5-B105-2512EDC8DDC6}.Release|x64.ActiveCfg = Release|x64
		{EA50E705-5113-49E5-B105-2512EDC8DDC6}.Release|x64.Build.0 = Release|x64
	EndGlobalSection
	GlobalSection(SolutionProperties) = preSolution
		HideSolutionNode = FALSE
	EndGlobalSection
EndGlobal
